
Microsoft Visual Studio Solution File, Format Version 12.00
Project("{2150E333-8FDC-42A3-9474-1A3956D46DE8}") = "src", "src", "{891087EC-BC16-43EC-8F9E-4E5AD6FA7BE3}"
EndProject
Project("{2150E333-8FDC-42A3-9474-1A3956D46DE8}") = "test", "test", "{2A9F8D60-4B3B-4584-9235-0DC118F9520B}"
EndProject
Project("{FAE04EC0-301F-11D3-BF4B-00C04F79EFBC}") = "Bookify.Domain", "Bookify.Domain\Bookify.Domain.csproj", "{719521CF-DF23-4809-827F-2E9C16C17CBB}"
EndProject
Project("{FAE04EC0-301F-11D3-BF4B-00C04F79EFBC}") = "Bookify.Application", "Bookify.Application\Bookify.Application.csproj", "{7B77D734-29C0-4B0A-8EB9-8411DC5B2AD6}"
EndProject
Project("{FAE04EC0-301F-11D3-BF4B-00C04F79EFBC}") = "Bookify.Infrastructure", "Bookify.Infrastructure\Bookify.Infrastructure.csproj", "{23791D82-58D0-4DD8-86DA-09921653DFF7}"
EndProject
Project("{FAE04EC0-301F-11D3-BF4B-00C04F79EFBC}") = "Bookify.Api", "Bookify.Api\Bookify.Api.csproj", "{C977681A-15D0-4F6B-BE99-AA2A06C4C53D}"
EndProject
Project("{2150E333-8FDC-42A3-9474-1A3956D46DE8}") = "Solution Items", "Solution Items", "{97176B9E-93FC-44CC-9708-9A4817FE9700}"
	ProjectSection(SolutionItems) = preProject
		docker-compose.dcproj = docker-compose.dcproj
		docker-compose.yml = docker-compose.yml
		launchSettings.json = launchSettings.json
	EndProjectSection
EndProject
Project("{FAE04EC0-301F-11D3-BF4B-00C04F79EFBC}") = "Bookify.Domain.UnitTests", "Bookify.Domain.UnitTests\Bookify.Domain.UnitTests.csproj", "{CA306EBF-7494-4F62-A0FB-57063201E0E7}"
EndProject
Project("{FAE04EC0-301F-11D3-BF4B-00C04F79EFBC}") = "Bookify.Application.UnitTests", "Bookify.Application.UnitTests\Bookify.Application.UnitTests.csproj", "{5E4381C0-3CC8-44F3-970C-0C2D5D1B5F58}"
EndProject
Project("{FAE04EC0-301F-11D3-BF4B-00C04F79EFBC}") = "Bookify.Application.IntegrationTests", "Bookify.Application.IntegrationTests\Bookify.Application.IntegrationTests.csproj", "{DA5C092A-A1D0-455F-9580-DA313E151AAE}"
EndProject
Project("{FAE04EC0-301F-11D3-BF4B-00C04F79EFBC}") = "Bookify.Api.FunctionalTests", "Bookify.Api.FunctionalTests\Bookify.Api.FunctionalTests.csproj", "{B352256E-74DF-4A6E-85A6-7F238D9F2EA9}"
EndProject
Project("{FAE04EC0-301F-11D3-BF4B-00C04F79EFBC}") = "Bookify.ArchitectureTests", "Bookify.ArchitectureTests\Bookify.ArchitectureTests.csproj", "{F079CF9B-8B8C-41D0-A07A-CE6C53C7FAAC}"
EndProject
Global
	GlobalSection(SolutionConfigurationPlatforms) = preSolution
		Debug|Any CPU = Debug|Any CPU
		Release|Any CPU = Release|Any CPU
	EndGlobalSection
	GlobalSection(NestedProjects) = preSolution
		{719521CF-DF23-4809-827F-2E9C16C17CBB} = {891087EC-BC16-43EC-8F9E-4E5AD6FA7BE3}
		{7B77D734-29C0-4B0A-8EB9-8411DC5B2AD6} = {891087EC-BC16-43EC-8F9E-4E5AD6FA7BE3}
		{23791D82-58D0-4DD8-86DA-09921653DFF7} = {891087EC-BC16-43EC-8F9E-4E5AD6FA7BE3}
		{C977681A-15D0-4F6B-BE99-AA2A06C4C53D} = {891087EC-BC16-43EC-8F9E-4E5AD6FA7BE3}
		{CA306EBF-7494-4F62-A0FB-57063201E0E7} = {2A9F8D60-4B3B-4584-9235-0DC118F9520B}
		{5E4381C0-3CC8-44F3-970C-0C2D5D1B5F58} = {2A9F8D60-4B3B-4584-9235-0DC118F9520B}
		{DA5C092A-A1D0-455F-9580-DA313E151AAE} = {2A9F8D60-4B3B-4584-9235-0DC118F9520B}
		{B352256E-74DF-4A6E-85A6-7F238D9F2EA9} = {2A9F8D60-4B3B-4584-9235-0DC118F9520B}
		{F079CF9B-8B8C-41D0-A07A-CE6C53C7FAAC} = {2A9F8D60-4B3B-4584-9235-0DC118F9520B}
	EndGlobalSection
	GlobalSection(ProjectConfigurationPlatforms) = postSolution
		{719521CF-DF23-4809-827F-2E9C16C17CBB}.Debug|Any CPU.ActiveCfg = Debug|Any CPU
		{719521CF-DF23-4809-827F-2E9C16C17CBB}.Debug|Any CPU.Build.0 = Debug|Any CPU
		{719521CF-DF23-4809-827F-2E9C16C17CBB}.Release|Any CPU.ActiveCfg = Release|Any CPU
		{719521CF-DF23-4809-827F-2E9C16C17CBB}.Release|Any CPU.Build.0 = Release|Any CPU
		{7B77D734-29C0-4B0A-8EB9-8411DC5B2AD6}.Debug|Any CPU.ActiveCfg = Debug|Any CPU
		{7B77D734-29C0-4B0A-8EB9-8411DC5B2AD6}.Debug|Any CPU.Build.0 = Debug|Any CPU
		{7B77D734-29C0-4B0A-8EB9-8411DC5B2AD6}.Release|Any CPU.ActiveCfg = Release|Any CPU
		{7B77D734-29C0-4B0A-8EB9-8411DC5B2AD6}.Release|Any CPU.Build.0 = Release|Any CPU
		{23791D82-58D0-4DD8-86DA-09921653DFF7}.Debug|Any CPU.ActiveCfg = Debug|Any CPU
		{23791D82-58D0-4DD8-86DA-09921653DFF7}.Debug|Any CPU.Build.0 = Debug|Any CPU
		{23791D82-58D0-4DD8-86DA-09921653DFF7}.Release|Any CPU.ActiveCfg = Release|Any CPU
		{23791D82-58D0-4DD8-86DA-09921653DFF7}.Release|Any CPU.Build.0 = Release|Any CPU
		{C977681A-15D0-4F6B-BE99-AA2A06C4C53D}.Debug|Any CPU.ActiveCfg = Debug|Any CPU
		{C977681A-15D0-4F6B-BE99-AA2A06C4C53D}.Debug|Any CPU.Build.0 = Debug|Any CPU
		{C977681A-15D0-4F6B-BE99-AA2A06C4C53D}.Release|Any CPU.ActiveCfg = Release|Any CPU
		{C977681A-15D0-4F6B-BE99-AA2A06C4C53D}.Release|Any CPU.Build.0 = Release|Any CPU
		{CA306EBF-7494-4F62-A0FB-57063201E0E7}.Debug|Any CPU.ActiveCfg = Debug|Any CPU
		{CA306EBF-7494-4F62-A0FB-57063201E0E7}.Debug|Any CPU.Build.0 = Debug|Any CPU
		{CA306EBF-7494-4F62-A0FB-57063201E0E7}.Release|Any CPU.ActiveCfg = Release|Any CPU
		{CA306EBF-7494-4F62-A0FB-57063201E0E7}.Release|Any CPU.Build.0 = Release|Any CPU
		{5E4381C0-3CC8-44F3-970C-0C2D5D1B5F58}.Debug|Any CPU.ActiveCfg = Debug|Any CPU
		{5E4381C0-3CC8-44F3-970C-0C2D5D1B5F58}.Debug|Any CPU.Build.0 = Debug|Any CPU
		{5E4381C0-3CC8-44F3-970C-0C2D5D1B5F58}.Release|Any CPU.ActiveCfg = Release|Any CPU
		{5E4381C0-3CC8-44F3-970C-0C2D5D1B5F58}.Release|Any CPU.Build.0 = Release|Any CPU
		{DA5C092A-A1D0-455F-9580-DA313E151AAE}.Debug|Any CPU.ActiveCfg = Debug|Any CPU
		{DA5C092A-A1D0-455F-9580-DA313E151AAE}.Debug|Any CPU.Build.0 = Debug|Any CPU
		{DA5C092A-A1D0-455F-9580-DA313E151AAE}.Release|Any CPU.ActiveCfg = Release|Any CPU
		{DA5C092A-A1D0-455F-9580-DA313E151AAE}.Release|Any CPU.Build.0 = Release|Any CPU
		{B352256E-74DF-4A6E-85A6-7F238D9F2EA9}.Debug|Any CPU.ActiveCfg = Debug|Any CPU
		{B352256E-74DF-4A6E-85A6-7F238D9F2EA9}.Debug|Any CPU.Build.0 = Debug|Any CPU
		{B352256E-74DF-4A6E-85A6-7F238D9F2EA9}.Release|Any CPU.ActiveCfg = Release|Any CPU
		{B352256E-74DF-4A6E-85A6-7F238D9F2EA9}.Release|Any CPU.Build.0 = Release|Any CPU
		{F079CF9B-8B8C-41D0-A07A-CE6C53C7FAAC}.Debug|Any CPU.ActiveCfg = Debug|Any CPU
		{F079CF9B-8B8C-41D0-A07A-CE6C53C7FAAC}.Debug|Any CPU.Build.0 = Debug|Any CPU
		{F079CF9B-8B8C-41D0-A07A-CE6C53C7FAAC}.Release|Any CPU.ActiveCfg = Release|Any CPU
		{F079CF9B-8B8C-41D0-A07A-CE6C53C7FAAC}.Release|Any CPU.Build.0 = Release|Any CPU
	EndGlobalSection
EndGlobal
